
Microsoft Visual Studio Solution File, Format Version 12.00
# Visual Studio 2013
VisualStudioVersion = 12.0.21005.1
MinimumVisualStudioVersion = 10.0.40219.1
Project("{FAE04EC0-301F-11D3-BF4B-00C04F79EFBC}") = "WordGameSolver", "WordGameSolver\WordGameSolver.csproj", "{70E26BE4-7126-4E4B-B9F2-BDC568903A31}"
EndProject
Project("{FAE04EC0-301F-11D3-BF4B-00C04F79EFBC}") = "WordGameSolver.Business", "WordGameSolver.Business\WordGameSolver.Business.csproj", "{0C05E9FE-170E-4A02-B727-9EB96EEE0A26}"
EndProject
Project("{FAE04EC0-301F-11D3-BF4B-00C04F79EFBC}") = "WordGameSolver.Interfaces", "WordGameSolver.Interfaces\WordGameSolver.Interfaces.csproj", "{3F9867CE-0873-44A1-8EF1-9781AABFD783}"
EndProject
Project("{FAE04EC0-301F-11D3-BF4B-00C04F79EFBC}") = "WordGameSolver.Models", "WordGameSolver.Models\WordGameSolver.Models.csproj", "{849DF7A2-3A48-48D3-85E4-C2791B044832}"
EndProject
Global
	GlobalSection(SolutionConfigurationPlatforms) = preSolution
		Debug|Any CPU = Debug|Any CPU
		Release|Any CPU = Release|Any CPU
	EndGlobalSection
	GlobalSection(ProjectConfigurationPlatforms) = postSolution
		{70E26BE4-7126-4E4B-B9F2-BDC568903A31}.Debug|Any CPU.ActiveCfg = Debug|Any CPU
		{70E26BE4-7126-4E4B-B9F2-BDC568903A31}.Debug|Any CPU.Build.0 = Debug|Any CPU
		{70E26BE4-7126-4E4B-B9F2-BDC568903A31}.Release|Any CPU.ActiveCfg = Release|Any CPU
		{70E26BE4-7126-4E4B-B9F2-BDC568903A31}.Release|Any CPU.Build.0 = Release|Any CPU
		{0C05E9FE-170E-4A02-B727-9EB96EEE0A26}.Debug|Any CPU.ActiveCfg = Debug|Any CPU
		{0C05E9FE-170E-4A02-B727-9EB96EEE0A26}.Debug|Any CPU.Build.0 = Debug|Any CPU
		{0C05E9FE-170E-4A02-B727-9EB96EEE0A26}.Release|Any CPU.ActiveCfg = Release|Any CPU
		{0C05E9FE-170E-4A02-B727-9EB96EEE0A26}.Release|Any CPU.Build.0 = Release|Any CPU
		{3F9867CE-0873-44A1-8EF1-9781AABFD783}.Debug|Any CPU.ActiveCfg = Debug|Any CPU
		{3F9867CE-0873-44A1-8EF1-9781AABFD783}.Debug|Any CPU.Build.0 = Debug|Any CPU
		{3F9867CE-0873-44A1-8EF1-9781AABFD783}.Release|Any CPU.ActiveCfg = Release|Any CPU
		{3F9867CE-0873-44A1-8EF1-9781AABFD783}.Release|Any CPU.Build.0 = Release|Any CPU
		{849DF7A2-3A48-48D3-85E4-C2791B044832}.Debug|Any CPU.ActiveCfg = Debug|Any CPU
		{849DF7A2-3A48-48D3-85E4-C2791B044832}.Debug|Any CPU.Build.0 = Debug|Any CPU
		{849DF7A2-3A48-48D3-85E4-C2791B044832}.Release|Any CPU.ActiveCfg = Release|Any CPU
		{849DF7A2-3A48-48D3-85E4-C2791B044832}.Release|Any CPU.Build.0 = Release|Any CPU
	EndGlobalSection
	GlobalSection(SolutionProperties) = preSolution
		HideSolutionNode = FALSE
	EndGlobalSection
EndGlobal
